
Microsoft Visual Studio Solution File, Format Version 12.00
# Visual Studio Version 17
VisualStudioVersion = 17.12.35707.178 d17.12
MinimumVisualStudioVersion = 10.0.40219.1
Project("{2150E333-8FDC-42A3-9474-1A3956D46DE8}") = "Core", "Core", "{256CA0D0-98E6-481C-8A1E-EA7BC667914C}"
EndProject
Project("{2150E333-8FDC-42A3-9474-1A3956D46DE8}") = "Infrastructure", "Infrastructure", "{E300D542-335A-4F44-BAE8-F68E82CDE58D}"
EndProject
Project("{2150E333-8FDC-42A3-9474-1A3956D46DE8}") = "Presentation", "Presentation", "{083C7E7A-314D-4DC7-B8D0-89DBA74E137C}"
EndProject
Project("{2150E333-8FDC-42A3-9474-1A3956D46DE8}") = "Test", "Test", "{95FF1CB5-F8F1-46E0-B1DC-4EBF59891CDE}"
EndProject
Project("{FAE04EC0-301F-11D3-BF4B-00C04F79EFBC}") = "CleanArch.Domain", "Domain\CleanArch.Domain.csproj", "{B25EE178-60FC-43F3-858B-8960DA5287F1}"
EndProject
Project("{FAE04EC0-301F-11D3-BF4B-00C04F79EFBC}") = "CleanArch.Application", "CleanArch.Application\CleanArch.Application.csproj", "{3949A829-D6A2-477B-A7E4-B5A1FD6F7B25}"
EndProject
Project("{FAE04EC0-301F-11D3-BF4B-00C04F79EFBC}") = "CleanArch.Infra", "CleanArch.Infra\CleanArch.Infra.csproj", "{A6898518-202D-4ED3-BDE5-D1750D88427C}"
EndProject
Project("{FAE04EC0-301F-11D3-BF4B-00C04F79EFBC}") = "CleanArch.API", "CleanArch.API\CleanArch.API.csproj", "{B608D98D-A658-4609-B63D-48B52832F5A0}"
EndProject
Project("{FAE04EC0-301F-11D3-BF4B-00C04F79EFBC}") = "CleanArch.Tests", "CleanArch.Tests\CleanArch.Tests.csproj", "{0D6D78F9-0596-43C6-A554-B6328733AA6F}"
EndProject
Global
	GlobalSection(SolutionConfigurationPlatforms) = preSolution
		Debug|Any CPU = Debug|Any CPU
		Release|Any CPU = Release|Any CPU
	EndGlobalSection
	GlobalSection(ProjectConfigurationPlatforms) = postSolution
		{B25EE178-60FC-43F3-858B-8960DA5287F1}.Debug|Any CPU.ActiveCfg = Debug|Any CPU
		{B25EE178-60FC-43F3-858B-8960DA5287F1}.Debug|Any CPU.Build.0 = Debug|Any CPU
		{B25EE178-60FC-43F3-858B-8960DA5287F1}.Release|Any CPU.ActiveCfg = Release|Any CPU
		{B25EE178-60FC-43F3-858B-8960DA5287F1}.Release|Any CPU.Build.0 = Release|Any CPU
		{3949A829-D6A2-477B-A7E4-B5A1FD6F7B25}.Debug|Any CPU.ActiveCfg = Debug|Any CPU
		{3949A829-D6A2-477B-A7E4-B5A1FD6F7B25}.Debug|Any CPU.Build.0 = Debug|Any CPU
		{3949A829-D6A2-477B-A7E4-B5A1FD6F7B25}.Release|Any CPU.ActiveCfg = Release|Any CPU
		{3949A829-D6A2-477B-A7E4-B5A1FD6F7B25}.Release|Any CPU.Build.0 = Release|Any CPU
		{A6898518-202D-4ED3-BDE5-D1750D88427C}.Debug|Any CPU.ActiveCfg = Debug|Any CPU
		{A6898518-202D-4ED3-BDE5-D1750D88427C}.Debug|Any CPU.Build.0 = Debug|Any CPU
		{A6898518-202D-4ED3-BDE5-D1750D88427C}.Release|Any CPU.ActiveCfg = Release|Any CPU
		{A6898518-202D-4ED3-BDE5-D1750D88427C}.Release|Any CPU.Build.0 = Release|Any CPU
		{B608D98D-A658-4609-B63D-48B52832F5A0}.Debug|Any CPU.ActiveCfg = Debug|Any CPU
		{B608D98D-A658-4609-B63D-48B52832F5A0}.Debug|Any CPU.Build.0 = Debug|Any CPU
		{B608D98D-A658-4609-B63D-48B52832F5A0}.Release|Any CPU.ActiveCfg = Release|Any CPU
		{B608D98D-A658-4609-B63D-48B52832F5A0}.Release|Any CPU.Build.0 = Release|Any CPU
		{0D6D78F9-0596-43C6-A554-B6328733AA6F}.Debug|Any CPU.ActiveCfg = Debug|Any CPU
		{0D6D78F9-0596-43C6-A554-B6328733AA6F}.Debug|Any CPU.Build.0 = Debug|Any CPU
		{0D6D78F9-0596-43C6-A554-B6328733AA6F}.Release|Any CPU.ActiveCfg = Release|Any CPU
		{0D6D78F9-0596-43C6-A554-B6328733AA6F}.Release|Any CPU.Build.0 = Release|Any CPU
	EndGlobalSection
	GlobalSection(SolutionProperties) = preSolution
		HideSolutionNode = FALSE
	EndGlobalSection
	GlobalSection(NestedProjects) = preSolution
		{B25EE178-60FC-43F3-858B-8960DA5287F1} = {256CA0D0-98E6-481C-8A1E-EA7BC667914C}
		{3949A829-D6A2-477B-A7E4-B5A1FD6F7B25} = {256CA0D0-98E6-481C-8A1E-EA7BC667914C}
		{A6898518-202D-4ED3-BDE5-D1750D88427C} = {E300D542-335A-4F44-BAE8-F68E82CDE58D}
		{B608D98D-A658-4609-B63D-48B52832F5A0} = {083C7E7A-314D-4DC7-B8D0-89DBA74E137C}
		{0D6D78F9-0596-43C6-A554-B6328733AA6F} = {95FF1CB5-F8F1-46E0-B1DC-4EBF59891CDE}
	EndGlobalSection
EndGlobal
